PODS:
  - ADALiOS (3.0.0-pre7)
  - AFNetworking (3.1.0):
    - AFNetworking/NSURLSession (= 3.1.0)
    - AFNetworking/Reachability (= 3.1.0)
    - AFNetworking/Security (= 3.1.0)
    - AFNetworking/Serialization (= 3.1.0)
    - AFNetworking/UIKit (= 3.1.0)
  - AFNetworking/NSURLSession (3.1.0):
    - AFNetworking/Reachability
    - AFNetworking/Security
    - AFNetworking/Serialization
  - AFNetworking/Reachability (3.1.0)
  - AFNetworking/Security (3.1.0)
  - AFNetworking/Serialization (3.1.0)
  - AFNetworking/UIKit (3.1.0):
    - AFNetworking/NSURLSession
  - Alamofire (4.4.0)
  - IOSLinkedInAPIFix (2.0.4):
    - AFNetworking (>= 2.0.0)
  - LinkedinSwift (1.7.4):
    - AFNetworking (>= 3.1.0)
    - IOSLinkedInAPIFix (>= 2.0.4)
  - Realm (2.4.3):
    - Realm/Headers (= 2.4.3)
  - Realm/Headers (2.4.3)
  - SDWebImage (4.0.0):
    - SDWebImage/Core (= 4.0.0)
  - SDWebImage/Core (4.0.0)

DEPENDENCIES:
  - ADALiOS (~> 3.0.0-pre7)
  - Alamofire (~> 4.4.0)
  - LinkedinSwift (~> 1.7.4)
  - Realm (~> 2.4.3)
  - SDWebImage (~> 4.0.0)

SPEC CHECKSUMS:
  ADALiOS: 810c2fe1f24528224bb99eee254b5c7b7707f7bd
  AFNetworking: 5e0e199f73d8626b11e79750991f5d173d1f8b67
  Alamofire: dc44b1600b800eb63da6a19039a0083d62a6a62d
  IOSLinkedInAPIFix: a520fd805a03dade35f42904c7d89ded2a84c752
  LinkedinSwift: fba071cbbcedf42471f45c0cd2438cba3f6c9c7c
  Realm: e08d60b0048ccccd3949c8c28a92c4db5712d7e9
  SDWebImage: 76a6348bdc74eb5a55dd08a091ef298e56b55e41

PODFILE CHECKSUM: 73f51783c577c1b6ac8ea6ff00973c7672319214

COCOAPODS: 1.2.0
